// !$*UTF8*$!
{
	archiveVersion = 1;
	classes = {
	};
	objectVersion = 51;
	objects = {

/* Begin PBXBuildFile section */
		504E486B5A4C0E5633AAE841 /* Pods_Instagam.framework in Frameworks */ = {isa = PBXBuildFile; fileRef = 0CFA69B65BD485983D08424A /* Pods_Instagam.framework */; };
		9F99C2D024EAE88200F89D57 /* AppDelegate.swift in Sources */ = {isa = PBXBuildFile; fileRef = 9F99C2CF24EAE88200F89D57 /* AppDelegate.swift */; };
		9F99C2D224EAE88200F89D57 /* SceneDelegate.swift in Sources */ = {isa = PBXBuildFile; fileRef = 9F99C2D124EAE88200F89D57 /* SceneDelegate.swift */; };
		9F99C2D424EAE88200F89D57 /* HomeViewController.swift in Sources */ = {isa = PBXBuildFile; fileRef = 9F99C2D324EAE88200F89D57 /* HomeViewController.swift */; };
		9F99C2D724EAE88200F89D57 /* Main.storyboard in Resources */ = {isa = PBXBuildFile; fileRef = 9F99C2D524EAE88200F89D57 /* Main.storyboard */; };
		9F99C2D924EAE88300F89D57 /* Assets.xcassets in Resources */ = {isa = PBXBuildFile; fileRef = 9F99C2D824EAE88300F89D57 /* Assets.xcassets */; };
		9F99C2DC24EAE88300F89D57 /* LaunchScreen.storyboard in Resources */ = {isa = PBXBuildFile; fileRef = 9F99C2DA24EAE88300F89D57 /* LaunchScreen.storyboard */; };
		9F99C2E924EAEA8400F89D57 /* ExploreViewController.swift in Sources */ = {isa = PBXBuildFile; fileRef = 9F99C2E824EAEA8400F89D57 /* ExploreViewController.swift */; };
		9F99C2EB24EAEAA200F89D57 /* CameraViewController.swift in Sources */ = {isa = PBXBuildFile; fileRef = 9F99C2EA24EAEAA200F89D57 /* CameraViewController.swift */; };
		9F99C2EE24EAEAC600F89D57 /* NotificationViewController.swift in Sources */ = {isa = PBXBuildFile; fileRef = 9F99C2ED24EAEAC600F89D57 /* NotificationViewController.swift */; };
		9F99C2F024EAEAD500F89D57 /* ProfileViewController.swift in Sources */ = {isa = PBXBuildFile; fileRef = 9F99C2EF24EAEAD500F89D57 /* ProfileViewController.swift */; };
		9F99C2F524EAEB5D00F89D57 /* LoginViewController.swift in Sources */ = {isa = PBXBuildFile; fileRef = 9F99C2F424EAEB5D00F89D57 /* LoginViewController.swift */; };
		9F99C2F724EAEB6E00F89D57 /* RegistrationViewController.swift in Sources */ = {isa = PBXBuildFile; fileRef = 9F99C2F624EAEB6E00F89D57 /* RegistrationViewController.swift */; };
		9F99C2F924EAEB9700F89D57 /* PostViewController.swift in Sources */ = {isa = PBXBuildFile; fileRef = 9F99C2F824EAEB9700F89D57 /* PostViewController.swift */; };
		9F99C2FB24EAEBB800F89D57 /* EditProfileViewController.swift in Sources */ = {isa = PBXBuildFile; fileRef = 9F99C2FA24EAEBB800F89D57 /* EditProfileViewController.swift */; };
		9F99C2FD24EAEBD300F89D57 /* SetttingsViewController.swift in Sources */ = {isa = PBXBuildFile; fileRef = 9F99C2FC24EAEBD300F89D57 /* SetttingsViewController.swift */; };
		9F99C2FF24EAEBE200F89D57 /* ListingViewController.swift in Sources */ = {isa = PBXBuildFile; fileRef = 9F99C2FE24EAEBE200F89D57 /* ListingViewController.swift */; };
		9F99C30124EAEBFE00F89D57 /* SearchViewController.swift in Sources */ = {isa = PBXBuildFile; fileRef = 9F99C30024EAEBFE00F89D57 /* SearchViewController.swift */; };
		9F99C30324EAEC1500F89D57 /* SearchResultViewController.swift in Sources */ = {isa = PBXBuildFile; fileRef = 9F99C30224EAEC1500F89D57 /* SearchResultViewController.swift */; };
		9F99C30524EAEC4E00F89D57 /* PostEditorViewController.swift in Sources */ = {isa = PBXBuildFile; fileRef = 9F99C30424EAEC4E00F89D57 /* PostEditorViewController.swift */; };
		9F99C30724EAEC6B00F89D57 /* PublishPostViewController.swift in Sources */ = {isa = PBXBuildFile; fileRef = 9F99C30624EAEC6B00F89D57 /* PublishPostViewController.swift */; };
		9F99C30B24EB403B00F89D57 /* GoogleService-Info.plist in Resources */ = {isa = PBXBuildFile; fileRef = 9F99C30A24EB403B00F89D57 /* GoogleService-Info.plist */; };
		9F99C30E24EB42D900F89D57 /* DatabaseManager.swift in Sources */ = {isa = PBXBuildFile; fileRef = 9F99C30D24EB42D900F89D57 /* DatabaseManager.swift */; };
		9F99C31024EB43F200F89D57 /* AuthManager.swift in Sources */ = {isa = PBXBuildFile; fileRef = 9F99C30F24EB43F200F89D57 /* AuthManager.swift */; };
		9F99C31224EB447100F89D57 /* StorageManager.swift in Sources */ = {isa = PBXBuildFile; fileRef = 9F99C31124EB447100F89D57 /* StorageManager.swift */; };
		9F99C31424EB4C2400F89D57 /* Extensions.swift in Sources */ = {isa = PBXBuildFile; fileRef = 9F99C31324EB4C2400F89D57 /* Extensions.swift */; };
/* End PBXBuildFile section */

/* Begin PBXFileReference section */
		0CFA69B65BD485983D08424A /* Pods_Instagam.framework */ = {isa = PBXFileReference; explicitFileType = wrapper.framework; includeInIndex = 0; path = Pods_Instagam.framework; sourceTree = BUILT_PRODUCTS_DIR; };
		3BF5CB966529C290FD0C62C3 /* Pods-Instagam.debug.xcconfig */ = {isa = PBXFileReference; includeInIndex = 1; lastKnownFileType = text.xcconfig; name = "Pods-Instagam.debug.xcconfig"; path = "Target Support Files/Pods-Instagam/Pods-Instagam.debug.xcconfig"; sourceTree = "<group>"; };
		9F99C2CC24EAE88200F89D57 /* Instagam.app */ = {isa = PBXFileReference; explicitFileType = wrapper.application; includeInIndex = 0; path = Instagam.app; sourceTree = BUILT_PRODUCTS_DIR; };
		9F99C2CF24EAE88200F89D57 /* AppDelegate.swift */ = {isa = PBXFileReference; lastKnownFileType = sourcecode.swift; path = AppDelegate.swift; sourceTree = "<group>"; };
		9F99C2D124EAE88200F89D57 /* SceneDelegate.swift */ = {isa = PBXFileReference; lastKnownFileType = sourcecode.swift; path = SceneDelegate.swift; sourceTree = "<group>"; };
		9F99C2D324EAE88200F89D57 /* HomeViewController.swift */ = {isa = PBXFileReference; lastKnownFileType = sourcecode.swift; path = HomeViewController.swift; sourceTree = "<group>"; };
		9F99C2D624EAE88200F89D57 /* Base */ = {isa = PBXFileReference; lastKnownFileType = file.storyboard; name = Base; path = Base.lproj/Main.storyboard; sourceTree = "<group>"; };
		9F99C2D824EAE88300F89D57 /* Assets.xcassets */ = {isa = PBXFileReference; lastKnownFileType = folder.assetcatalog; path = Assets.xcassets; sourceTree = "<group>"; };
		9F99C2DB24EAE88300F89D57 /* Base */ = {isa = PBXFileReference; lastKnownFileType = file.storyboard; name = Base; path = Base.lproj/LaunchScreen.storyboard; sourceTree = "<group>"; };
		9F99C2DD24EAE88300F89D57 /* Info.plist */ = {isa = PBXFileReference; lastKnownFileType = text.plist.xml; path = Info.plist; sourceTree = "<group>"; };
		9F99C2E824EAEA8400F89D57 /* ExploreViewController.swift */ = {isa = PBXFileReference; lastKnownFileType = sourcecode.swift; path = ExploreViewController.swift; sourceTree = "<group>"; };
		9F99C2EA24EAEAA200F89D57 /* CameraViewController.swift */ = {isa = PBXFileReference; lastKnownFileType = sourcecode.swift; path = CameraViewController.swift; sourceTree = "<group>"; };
		9F99C2ED24EAEAC600F89D57 /* NotificationViewController.swift */ = {isa = PBXFileReference; lastKnownFileType = sourcecode.swift; path = NotificationViewController.swift; sourceTree = "<group>"; };
		9F99C2EF24EAEAD500F89D57 /* ProfileViewController.swift */ = {isa = PBXFileReference; lastKnownFileType = sourcecode.swift; path = ProfileViewController.swift; sourceTree = "<group>"; };
		9F99C2F424EAEB5D00F89D57 /* LoginViewController.swift */ = {isa = PBXFileReference; lastKnownFileType = sourcecode.swift; path = LoginViewController.swift; sourceTree = "<group>"; };
		9F99C2F624EAEB6E00F89D57 /* RegistrationViewController.swift */ = {isa = PBXFileReference; lastKnownFileType = sourcecode.swift; path = RegistrationViewController.swift; sourceTree = "<group>"; };
		9F99C2F824EAEB9700F89D57 /* PostViewController.swift */ = {isa = PBXFileReference; lastKnownFileType = sourcecode.swift; path = PostViewController.swift; sourceTree = "<group>"; };
		9F99C2FA24EAEBB800F89D57 /* EditProfileViewController.swift */ = {isa = PBXFileReference; lastKnownFileType = sourcecode.swift; path = EditProfileViewController.swift; sourceTree = "<group>"; };
		9F99C2FC24EAEBD300F89D57 /* SetttingsViewController.swift */ = {isa = PBXFileReference; lastKnownFileType = sourcecode.swift; path = SetttingsViewController.swift; sourceTree = "<group>"; };
		9F99C2FE24EAEBE200F89D57 /* ListingViewController.swift */ = {isa = PBXFileReference; lastKnownFileType = sourcecode.swift; path = ListingViewController.swift; sourceTree = "<group>"; };
		9F99C30024EAEBFE00F89D57 /* SearchViewController.swift */ = {isa = PBXFileReference; lastKnownFileType = sourcecode.swift; path = SearchViewController.swift; sourceTree = "<group>"; };
		9F99C30224EAEC1500F89D57 /* SearchResultViewController.swift */ = {isa = PBXFileReference; lastKnownFileType = sourcecode.swift; path = SearchResultViewController.swift; sourceTree = "<group>"; };
		9F99C30424EAEC4E00F89D57 /* PostEditorViewController.swift */ = {isa = PBXFileReference; lastKnownFileType = sourcecode.swift; path = PostEditorViewController.swift; sourceTree = "<group>"; };
		9F99C30624EAEC6B00F89D57 /* PublishPostViewController.swift */ = {isa = PBXFileReference; lastKnownFileType = sourcecode.swift; path = PublishPostViewController.swift; sourceTree = "<group>"; };
		9F99C30A24EB403B00F89D57 /* GoogleService-Info.plist */ = {isa = PBXFileReference; fileEncoding = 4; lastKnownFileType = text.plist.xml; path = "GoogleService-Info.plist"; sourceTree = "<group>"; };
		9F99C30D24EB42D900F89D57 /* DatabaseManager.swift */ = {isa = PBXFileReference; lastKnownFileType = sourcecode.swift; path = DatabaseManager.swift; sourceTree = "<group>"; };
		9F99C30F24EB43F200F89D57 /* AuthManager.swift */ = {isa = PBXFileReference; lastKnownFileType = sourcecode.swift; path = AuthManager.swift; sourceTree = "<group>"; };
		9F99C31124EB447100F89D57 /* StorageManager.swift */ = {isa = PBXFileReference; lastKnownFileType = sourcecode.swift; path = StorageManager.swift; sourceTree = "<group>"; };
		9F99C31324EB4C2400F89D57 /* Extensions.swift */ = {isa = PBXFileReference; lastKnownFileType = sourcecode.swift; path = Extensions.swift; sourceTree = "<group>"; };
		B50EBB5C850380F36C367938 /* Pods-Instagam.release.xcconfig */ = {isa = PBXFileReference; includeInIndex = 1; lastKnownFileType = text.xcconfig; name = "Pods-Instagam.release.xcconfig"; path = "Target Support Files/Pods-Instagam/Pods-Instagam.release.xcconfig"; sourceTree = "<group>"; };
/* End PBXFileReference section */

/* Begin PBXFrameworksBuildPhase section */
		9F99C2C924EAE88200F89D57 /* Frameworks */ = {
			isa = PBXFrameworksBuildPhase;
			buildActionMask = 2147483647;
			files = (
				504E486B5A4C0E5633AAE841 /* Pods_Instagam.framework in Frameworks */,
			);
			runOnlyForDeploymentPostprocessing = 0;
		};
/* End PBXFrameworksBuildPhase section */

/* Begin PBXGroup section */
		07D13B61DD01565F63034449 /* Pods */ = {
			isa = PBXGroup;
			children = (
				3BF5CB966529C290FD0C62C3 /* Pods-Instagam.debug.xcconfig */,
				B50EBB5C850380F36C367938 /* Pods-Instagam.release.xcconfig */,
			);
			path = Pods;
			sourceTree = "<group>";
		};
		9F99C2C324EAE88200F89D57 = {
			isa = PBXGroup;
			children = (
				9F99C2CE24EAE88200F89D57 /* Instagam */,
				9F99C2CD24EAE88200F89D57 /* Products */,
				07D13B61DD01565F63034449 /* Pods */,
				E5ED7CE0958F613D629AE76F /* Frameworks */,
			);
			sourceTree = "<group>";
		};
		9F99C2CD24EAE88200F89D57 /* Products */ = {
			isa = PBXGroup;
			children = (
				9F99C2CC24EAE88200F89D57 /* Instagam.app */,
			);
			name = Products;
			sourceTree = "<group>";
		};
		9F99C2CE24EAE88200F89D57 /* Instagam */ = {
			isa = PBXGroup;
			children = (
				9F99C2E624EAE93200F89D57 /* Resources */,
				9F99C2E524EAE92700F89D57 /* Models */,
				9F99C2E424EAE91500F89D57 /* Controllers */,
				9F99C2E324EAE90800F89D57 /* Views */,
				9F99C2DD24EAE88300F89D57 /* Info.plist */,
			);
			path = Instagam;
			sourceTree = "<group>";
		};
		9F99C2E324EAE90800F89D57 /* Views */ = {
			isa = PBXGroup;
			children = (
				9F99C2E724EAE98500F89D57 /* Storyboards */,
				9F99C2D824EAE88300F89D57 /* Assets.xcassets */,
			);
			path = Views;
			sourceTree = "<group>";
		};
		9F99C2E424EAE91500F89D57 /* Controllers */ = {
			isa = PBXGroup;
			children = (
				9F99C2F224EAEB2A00F89D57 /* Other */,
				9F99C2F124EAEAE800F89D57 /* Core Tabs */,
			);
			path = Controllers;
			sourceTree = "<group>";
		};
		9F99C2E524EAE92700F89D57 /* Models */ = {
			isa = PBXGroup;
			children = (
			);
			path = Models;
			sourceTree = "<group>";
		};
		9F99C2E624EAE93200F89D57 /* Resources */ = {
			isa = PBXGroup;
			children = (
				9F99C30A24EB403B00F89D57 /* GoogleService-Info.plist */,
				9F99C2CF24EAE88200F89D57 /* AppDelegate.swift */,
				9F99C2D124EAE88200F89D57 /* SceneDelegate.swift */,
				9F99C30D24EB42D900F89D57 /* DatabaseManager.swift */,
				9F99C30F24EB43F200F89D57 /* AuthManager.swift */,
				9F99C31124EB447100F89D57 /* StorageManager.swift */,
				9F99C31324EB4C2400F89D57 /* Extensions.swift */,
			);
			path = Resources;
			sourceTree = "<group>";
		};
		9F99C2E724EAE98500F89D57 /* Storyboards */ = {
			isa = PBXGroup;
			children = (
				9F99C2DA24EAE88300F89D57 /* LaunchScreen.storyboard */,
				9F99C2D524EAE88200F89D57 /* Main.storyboard */,
			);
			path = Storyboards;
			sourceTree = "<group>";
		};
		9F99C2F124EAEAE800F89D57 /* Core Tabs */ = {
			isa = PBXGroup;
			children = (
				9F99C2D324EAE88200F89D57 /* HomeViewController.swift */,
				9F99C2E824EAEA8400F89D57 /* ExploreViewController.swift */,
				9F99C2EA24EAEAA200F89D57 /* CameraViewController.swift */,
				9F99C2ED24EAEAC600F89D57 /* NotificationViewController.swift */,
				9F99C2EF24EAEAD500F89D57 /* ProfileViewController.swift */,
			);
			path = "Core Tabs";
			sourceTree = "<group>";
		};
		9F99C2F224EAEB2A00F89D57 /* Other */ = {
			isa = PBXGroup;
			children = (
				9F99C2F324EAEB4400F89D57 /* Onboarding */,
				9F99C30C24EB421500F89D57 /* General */,
			);
			path = Other;
			sourceTree = "<group>";
		};
		9F99C2F324EAEB4400F89D57 /* Onboarding */ = {
			isa = PBXGroup;
			children = (
				9F99C2F424EAEB5D00F89D57 /* LoginViewController.swift */,
				9F99C2F624EAEB6E00F89D57 /* RegistrationViewController.swift */,
			);
			path = Onboarding;
			sourceTree = "<group>";
		};
		9F99C30C24EB421500F89D57 /* General */ = {
			isa = PBXGroup;
			children = (
				9F99C2F824EAEB9700F89D57 /* PostViewController.swift */,
				9F99C2FA24EAEBB800F89D57 /* EditProfileViewController.swift */,
				9F99C2FC24EAEBD300F89D57 /* SetttingsViewController.swift */,
				9F99C2FE24EAEBE200F89D57 /* ListingViewController.swift */,
				9F99C30024EAEBFE00F89D57 /* SearchViewController.swift */,
				9F99C30224EAEC1500F89D57 /* SearchResultViewController.swift */,
				9F99C30424EAEC4E00F89D57 /* PostEditorViewController.swift */,
				9F99C30624EAEC6B00F89D57 /* PublishPostViewController.swift */,
			);
			path = General;
			sourceTree = "<group>";
		};
		E5ED7CE0958F613D629AE76F /* Frameworks */ = {
			isa = PBXGroup;
			children = (
				0CFA69B65BD485983D08424A /* Pods_Instagam.framework */,
			);
			name = Frameworks;
			sourceTree = "<group>";
		};
/* End PBXGroup section */

/* Begin PBXNativeTarget section */
		9F99C2CB24EAE88200F89D57 /* Instagam */ = {
			isa = PBXNativeTarget;
			buildConfigurationList = 9F99C2E024EAE88300F89D57 /* Build configuration list for PBXNativeTarget "Instagam" */;
			buildPhases = (
				F7610DB18C69EF28F148EFFB /* [CP] Check Pods Manifest.lock */,
				9F99C2C824EAE88200F89D57 /* Sources */,
				9F99C2C924EAE88200F89D57 /* Frameworks */,
				9F99C2CA24EAE88200F89D57 /* Resources */,
				CE9074812BFC1A9A9930978A /* [CP] Embed Pods Frameworks */,
			);
			buildRules = (
			);
			dependencies = (
			);
			name = Instagam;
			productName = Instagam;
			productReference = 9F99C2CC24EAE88200F89D57 /* Instagam.app */;
			productType = "com.apple.product-type.application";
		};
/* End PBXNativeTarget section */

/* Begin PBXProject section */
		9F99C2C424EAE88200F89D57 /* Project object */ = {
			isa = PBXProject;
			attributes = {
				LastSwiftUpdateCheck = 1140;
				LastUpgradeCheck = 1140;
				ORGANIZATIONNAME = "Akhadjon Abdukhalilov";
				TargetAttributes = {
					9F99C2CB24EAE88200F89D57 = {
						CreatedOnToolsVersion = 11.4;
					};
				};
			};
			buildConfigurationList = 9F99C2C724EAE88200F89D57 /* Build configuration list for PBXProject "Instagam" */;
			compatibilityVersion = "Xcode 9.3";
			developmentRegion = en;
			hasScannedForEncodings = 0;
			knownRegions = (
				en,
				Base,
			);
			mainGroup = 9F99C2C324EAE88200F89D57;
			productRefGroup = 9F99C2CD24EAE88200F89D57 /* Products */;
			projectDirPath = "";
			projectRoot = "";
			targets = (
				9F99C2CB24EAE88200F89D57 /* Instagam */,
			);
		};
/* End PBXProject section */

/* Begin PBXResourcesBuildPhase section */
		9F99C2CA24EAE88200F89D57 /* Resources */ = {
			isa = PBXResourcesBuildPhase;
			buildActionMask = 2147483647;
			files = (
				9F99C2DC24EAE88300F89D57 /* LaunchScreen.storyboard in Resources */,
				9F99C30B24EB403B00F89D57 /* GoogleService-Info.plist in Resources */,
				9F99C2D924EAE88300F89D57 /* Assets.xcassets in Resources */,
				9F99C2D724EAE88200F89D57 /* Main.storyboard in Resources */,
			);
			runOnlyForDeploymentPostprocessing = 0;
		};
/* End PBXResourcesBuildPhase section */

/* Begin PBXShellScriptBuildPhase section */
		CE9074812BFC1A9A9930978A /* [CP] Embed Pods Frameworks */ = {
			isa = PBXShellScriptBuildPhase;
			buildActionMask = 2147483647;
			files = (
			);
			inputFileListPaths = (
				"${PODS_ROOT}/Target Support Files/Pods-Instagam/Pods-Instagam-frameworks-${CONFIGURATION}-input-files.xcfilelist",
			);
			name = "[CP] Embed Pods Frameworks";
			outputFileListPaths = (
				"${PODS_ROOT}/Target Support Files/Pods-Instagam/Pods-Instagam-frameworks-${CONFIGURATION}-output-files.xcfilelist",
			);
			runOnlyForDeploymentPostprocessing = 0;
			shellPath = /bin/sh;
			shellScript = "\"${PODS_ROOT}/Target Support Files/Pods-Instagam/Pods-Instagam-frameworks.sh\"\n";
			showEnvVarsInLog = 0;
		};
		F7610DB18C69EF28F148EFFB /* [CP] Check Pods Manifest.lock */ = {
			isa = PBXShellScriptBuildPhase;
			buildActionMask = 2147483647;
			files = (
			);
			inputFileListPaths = (
			);
			inputPaths = (
				"${PODS_PODFILE_DIR_PATH}/Podfile.lock",
				"${PODS_ROOT}/Manifest.lock",
			);
			name = "[CP] Check Pods Manifest.lock";
			outputFileListPaths = (
			);
			outputPaths = (
				"$(DERIVED_FILE_DIR)/Pods-Instagam-checkManifestLockResult.txt",
			);
			runOnlyForDeploymentPostprocessing = 0;
			shellPath = /bin/sh;
			shellScript = "diff \"${PODS_PODFILE_DIR_PATH}/Podfile.lock\" \"${PODS_ROOT}/Manifest.lock\" > /dev/null\nif [ $? != 0 ] ; then\n    # print error to STDERR\n    echo \"error: The sandbox is not in sync with the Podfile.lock. Run 'pod install' or update your CocoaPods installation.\" >&2\n    exit 1\nfi\n# This output is used by Xcode 'outputs' to avoid re-running this script phase.\necho \"SUCCESS\" > \"${SCRIPT_OUTPUT_FILE_0}\"\n";
			showEnvVarsInLog = 0;
		};
/* End PBXShellScriptBuildPhase section */

/* Begin PBXSourcesBuildPhase section */
		9F99C2C824EAE88200F89D57 /* Sources */ = {
			isa = PBXSourcesBuildPhase;
			buildActionMask = 2147483647;
			files = (
				9F99C2FD24EAEBD300F89D57 /* SetttingsViewController.swift in Sources */,
				9F99C2FB24EAEBB800F89D57 /* EditProfileViewController.swift in Sources */,
				9F99C30724EAEC6B00F89D57 /* PublishPostViewController.swift in Sources */,
				9F99C2E924EAEA8400F89D57 /* ExploreViewController.swift in Sources */,
				9F99C2EB24EAEAA200F89D57 /* CameraViewController.swift in Sources */,
				9F99C2EE24EAEAC600F89D57 /* NotificationViewController.swift in Sources */,
				9F99C30524EAEC4E00F89D57 /* PostEditorViewController.swift in Sources */,
				9F99C31224EB447100F89D57 /* StorageManager.swift in Sources */,
				9F99C2F724EAEB6E00F89D57 /* RegistrationViewController.swift in Sources */,
				9F99C30E24EB42D900F89D57 /* DatabaseManager.swift in Sources */,
				9F99C2FF24EAEBE200F89D57 /* ListingViewController.swift in Sources */,
				9F99C30324EAEC1500F89D57 /* SearchResultViewController.swift in Sources */,
				9F99C2F924EAEB9700F89D57 /* PostViewController.swift in Sources */,
				9F99C31424EB4C2400F89D57 /* Extensions.swift in Sources */,
				9F99C30124EAEBFE00F89D57 /* SearchViewController.swift in Sources */,
				9F99C2D424EAE88200F89D57 /* HomeViewController.swift in Sources */,
				9F99C31024EB43F200F89D57 /* AuthManager.swift in Sources */,
				9F99C2F524EAEB5D00F89D57 /* LoginViewController.swift in Sources */,
				9F99C2F024EAEAD500F89D57 /* ProfileViewController.swift in Sources */,
				9F99C2D024EAE88200F89D57 /* AppDelegate.swift in Sources */,
				9F99C2D224EAE88200F89D57 /* SceneDelegate.swift in Sources */,
			);
			runOnlyForDeploymentPostprocessing = 0;
		};
/* End PBXSourcesBuildPhase section */

/* Begin PBXVariantGroup section */
		9F99C2D524EAE88200F89D57 /* Main.storyboard */ = {
			isa = PBXVariantGroup;
			children = (
				9F99C2D624EAE88200F89D57 /* Base */,
			);
			name = Main.storyboard;
			sourceTree = "<group>";
		};
		9F99C2DA24EAE88300F89D57 /* LaunchScreen.storyboard */ = {
			isa = PBXVariantGroup;
			children = (
				9F99C2DB24EAE88300F89D57 /* Base */,
			);
			name = LaunchScreen.storyboard;
			sourceTree = "<group>";
		};
/* End PBXVariantGroup section */

/* Begin XCBuildConfiguration section */
		9F99C2DE24EAE88300F89D57 /* Debug */ = {
			isa = XCBuildConfiguration;
			buildSettings = {
				ALWAYS_SEARCH_USER_PATHS = NO;
				CLANG_ANALYZER_NONNULL = YES;
				CLANG_ANALYZER_NUMBER_OBJECT_CONVERSION = YES_AGGRESSIVE;
				CLANG_CXX_LANGUAGE_STANDARD = "gnu++14";
				CLANG_CXX_LIBRARY = "libc++";
				CLANG_ENABLE_MODULES = YES;
				CLANG_ENABLE_OBJC_ARC = YES;
				CLANG_ENABLE_OBJC_WEAK = YES;
				CLANG_WARN_BLOCK_CAPTURE_AUTORELEASING = YES;
				CLANG_WARN_BOOL_CONVERSION = YES;
				CLANG_WARN_COMMA = YES;
				CLANG_WARN_CONSTANT_CONVERSION = YES;
				CLANG_WARN_DEPRECATED_OBJC_IMPLEMENTATIONS = YES;
				CLANG_WARN_DIRECT_OBJC_ISA_USAGE = YES_ERROR;
				CLANG_WARN_DOCUMENTATION_COMMENTS = YES;
				CLANG_WARN_EMPTY_BODY = YES;
				CLANG_WARN_ENUM_CONVERSION = YES;
				CLANG_WARN_INFINITE_RECURSION = YES;
				CLANG_WARN_INT_CONVERSION = YES;
				CLANG_WARN_NON_LITERAL_NULL_CONVERSION = YES;
				CLANG_WARN_OBJC_IMPLICIT_RETAIN_SELF = YES;
				CLANG_WARN_OBJC_LITERAL_CONVERSION = YES;
				CLANG_WARN_OBJC_ROOT_CLASS = YES_ERROR;
				CLANG_WARN_RANGE_LOOP_ANALYSIS = YES;
				CLANG_WARN_STRICT_PROTOTYPES = YES;
				CLANG_WARN_SUSPICIOUS_MOVE = YES;
				CLANG_WARN_UNGUARDED_AVAILABILITY = YES_AGGRESSIVE;
				CLANG_WARN_UNREACHABLE_CODE = YES;
				CLANG_WARN__DUPLICATE_METHOD_MATCH = YES;
				COPY_PHASE_STRIP = NO;
				DEBUG_INFORMATION_FORMAT = dwarf;
				ENABLE_STRICT_OBJC_MSGSEND = YES;
				ENABLE_TESTABILITY = YES;
				GCC_C_LANGUAGE_STANDARD = gnu11;
				GCC_DYNAMIC_NO_PIC = NO;
				GCC_NO_COMMON_BLOCKS = YES;
				GCC_OPTIMIZATION_LEVEL = 0;
				GCC_PREPROCESSOR_DEFINITIONS = (
					"DEBUG=1",
					"$(inherited)",
				);
				GCC_WARN_64_TO_32_BIT_CONVERSION = YES;
				GCC_WARN_ABOUT_RETURN_TYPE = YES_ERROR;
				GCC_WARN_UNDECLARED_SELECTOR = YES;
				GCC_WARN_UNINITIALIZED_AUTOS = YES_AGGRESSIVE;
				GCC_WARN_UNUSED_FUNCTION = YES;
				GCC_WARN_UNUSED_VARIABLE = YES;
				IPHONEOS_DEPLOYMENT_TARGET = 13.4;
				MTL_ENABLE_DEBUG_INFO = INCLUDE_SOURCE;
				MTL_FAST_MATH = YES;
				ONLY_ACTIVE_ARCH = YES;
				SDKROOT = iphoneos;
				SWIFT_ACTIVE_COMPILATION_CONDITIONS = DEBUG;
				SWIFT_OPTIMIZATION_LEVEL = "-Onone";
			};
			name = Debug;
		};
		9F99C2DF24EAE88300F89D57 /* Release */ = {
			isa = XCBuildConfiguration;
			buildSettings = {
				ALWAYS_SEARCH_USER_PATHS = NO;
				CLANG_ANALYZER_NONNULL = YES;
				CLANG_ANALYZER_NUMBER_OBJECT_CONVERSION = YES_AGGRESSIVE;
				CLANG_CXX_LANGUAGE_STANDARD = "gnu++14";
				CLANG_CXX_LIBRARY = "libc++";
				CLANG_ENABLE_MODULES = YES;
				CLANG_ENABLE_OBJC_ARC = YES;
				CLANG_ENABLE_OBJC_WEAK = YES;
				CLANG_WARN_BLOCK_CAPTURE_AUTORELEASING = YES;
				CLANG_WARN_BOOL_CONVERSION = YES;
				CLANG_WARN_COMMA = YES;
				CLANG_WARN_CONSTANT_CONVERSION = YES;
				CLANG_WARN_DEPRECATED_OBJC_IMPLEMENTATIONS = YES;
				CLANG_WARN_DIRECT_OBJC_ISA_USAGE = YES_ERROR;
				CLANG_WARN_DOCUMENTATION_COMMENTS = YES;
				CLANG_WARN_EMPTY_BODY = YES;
				CLANG_WARN_ENUM_CONVERSION = YES;
				CLANG_WARN_INFINITE_RECURSION = YES;
				CLANG_WARN_INT_CONVERSION = YES;
				CLANG_WARN_NON_LITERAL_NULL_CONVERSION = YES;
				CLANG_WARN_OBJC_IMPLICIT_RETAIN_SELF = YES;
				CLANG_WARN_OBJC_LITERAL_CONVERSION = YES;
				CLANG_WARN_OBJC_ROOT_CLASS = YES_ERROR;
				CLANG_WARN_RANGE_LOOP_ANALYSIS = YES;
				CLANG_WARN_STRICT_PROTOTYPES = YES;
				CLANG_WARN_SUSPICIOUS_MOVE = YES;
				CLANG_WARN_UNGUARDED_AVAILABILITY = YES_AGGRESSIVE;
				CLANG_WARN_UNREACHABLE_CODE = YES;
				CLANG_WARN__DUPLICATE_METHOD_MATCH = YES;
				COPY_PHASE_STRIP = NO;
				DEBUG_INFORMATION_FORMAT = "dwarf-with-dsym";
				ENABLE_NS_ASSERTIONS = NO;
				ENABLE_STRICT_OBJC_MSGSEND = YES;
				GCC_C_LANGUAGE_STANDARD = gnu11;
				GCC_NO_COMMON_BLOCKS = YES;
				GCC_WARN_64_TO_32_BIT_CONVERSION = YES;
				GCC_WARN_ABOUT_RETURN_TYPE = YES_ERROR;
				GCC_WARN_UNDECLARED_SELECTOR = YES;
				GCC_WARN_UNINITIALIZED_AUTOS = YES_AGGRESSIVE;
				GCC_WARN_UNUSED_FUNCTION = YES;
				GCC_WARN_UNUSED_VARIABLE = YES;
				IPHONEOS_DEPLOYMENT_TARGET = 13.4;
				MTL_ENABLE_DEBUG_INFO = NO;
				MTL_FAST_MATH = YES;
				SDKROOT = iphoneos;
				SWIFT_COMPILATION_MODE = wholemodule;
				SWIFT_OPTIMIZATION_LEVEL = "-O";
				VALIDATE_PRODUCT = YES;
			};
			name = Release;
		};
		9F99C2E124EAE88300F89D57 /* Debug */ = {
			isa = XCBuildConfiguration;
			baseConfigurationReference = 3BF5CB966529C290FD0C62C3 /* Pods-Instagam.debug.xcconfig */;
			buildSettings = {
				ASSETCATALOG_COMPILER_APPICON_NAME = AppIcon;
				CODE_SIGN_STYLE = Automatic;
				INFOPLIST_FILE = Instagam/Info.plist;
				IPHONEOS_DEPLOYMENT_TARGET = 13.0;
				LD_RUNPATH_SEARCH_PATHS = (
					"$(inherited)",
					"@executable_path/Frameworks",
				);
				PRODUCT_BUNDLE_IDENTIFIER = Akhadjon.Instagam;
				PRODUCT_NAME = "$(TARGET_NAME)";
				SWIFT_VERSION = 5.0;
				TARGETED_DEVICE_FAMILY = "1,2";
			};
			name = Debug;
		};
		9F99C2E224EAE88300F89D57 /* Release */ = {
			isa = XCBuildConfiguration;
			baseConfigurationReference = B50EBB5C850380F36C367938 /* Pods-Instagam.release.xcconfig */;
			buildSettings = {
				ASSETCATALOG_COMPILER_APPICON_NAME = AppIcon;
				CODE_SIGN_STYLE = Automatic;
				INFOPLIST_FILE = Instagam/Info.plist;
				IPHONEOS_DEPLOYMENT_TARGET = 13.0;
				LD_RUNPATH_SEARCH_PATHS = (
					"$(inherited)",
					"@executable_path/Frameworks",
				);
				PRODUCT_BUNDLE_IDENTIFIER = Akhadjon.Instagam;
				PRODUCT_NAME = "$(TARGET_NAME)";
				SWIFT_VERSION = 5.0;
				TARGETED_DEVICE_FAMILY = "1,2";
			};
			name = Release;
		};
/* End XCBuildConfiguration section */

/* Begin XCConfigurationList section */
		9F99C2C724EAE88200F89D57 /* Build configuration list for PBXProject "Instagam" */ = {
			isa = XCConfigurationList;
			buildConfigurations = (
				9F99C2DE24EAE88300F89D57 /* Debug */,
				9F99C2DF24EAE88300F89D57 /* Release */,
			);
			defaultConfigurationIsVisible = 0;
			defaultConfigurationName = Release;
		};
		9F99C2E024EAE88300F89D57 /* Build configuration list for PBXNativeTarget "Instagam" */ = {
			isa = XCConfigurationList;
			buildConfigurations = (
				9F99C2E124EAE88300F89D57 /* Debug */,
				9F99C2E224EAE88300F89D57 /* Release */,
			);
			defaultConfigurationIsVisible = 0;
			defaultConfigurationName = Release;
		};
/* End XCConfigurationList section */
	};
	rootObject = 9F99C2C424EAE88200F89D57 /* Project object */;
}
